
Microsoft Visual Studio Solution File, Format Version 12.00
# Visual Studio Version 17
VisualStudioVersion = 17.13.35818.85
MinimumVisualStudioVersion = 10.0.40219.1
Project("{8BC9CEB8-8B4A-11D0-8D11-00A0C91BC942}") = "lab1", "lab1\lab1.vcxproj", "{836D23EF-731C-4B31-88E1-F30A29DF3A1F}"
EndProject
Project("{8BC9CEB8-8B4A-11D0-8D11-00A0C91BC942}") = "Common", "Common\Common.vcxproj", "{277A11E0-97D0-423F-BF0F-45F4C2C190AF}"
EndProject
Project("{8BC9CEB8-8B4A-11D0-8D11-00A0C91BC942}") = "lab2", "lab2\lab2.vcxproj", "{D2A46C7D-DD28-4248-A8BE-8073DAE1FFDE}"
EndProject
Project("{8BC9CEB8-8B4A-11D0-8D11-00A0C91BC942}") = "lab3", "lab3\lab3.vcxproj", "{191F1C06-BD72-48AF-8F9C-6CBCE8F9ED02}"
EndProject
Project("{8BC9CEB8-8B4A-11D0-8D11-00A0C91BC942}") = "lab4", "lab4\lab4.vcxproj", "{308B8FFD-AFAD-46A4-8EA8-DC70153A5A06}"
EndProject
Project("{8BC9CEB8-8B4A-11D0-8D11-00A0C91BC942}") = "lab5", "lab5\lab5.vcxproj", "{457A0647-F523-4D4D-8C05-66731A7C0C2D}"
EndProject
Project("{8BC9CEB8-8B4A-11D0-8D11-00A0C91BC942}") = "lab6", "lab6\lab6.vcxproj", "{B0DCE379-EC36-4562-AB0E-5C643BA0A228}"
EndProject
Project("{8BC9CEB8-8B4A-11D0-8D11-00A0C91BC942}") = "lab7", "lab7\lab7.vcxproj", "{06AFF24E-9074-424A-A307-630731B5DA3A}"
EndProject
Project("{8BC9CEB8-8B4A-11D0-8D11-00A0C91BC942}") = "Coursework", "Coursework\Coursework.vcxproj", "{CE05BB2C-77BA-4BDB-9159-BFB0C05E7FD7}"
EndProject
Global
	GlobalSection(SolutionConfigurationPlatforms) = preSolution
		Debug|x64 = Debug|x64
		Debug|x86 = Debug|x86
		Release|x64 = Release|x64
		Release|x86 = Release|x86
	EndGlobalSection
	GlobalSection(ProjectConfigurationPlatforms) = postSolution
		{836D23EF-731C-4B31-88E1-F30A29DF3A1F}.Debug|x64.ActiveCfg = Debug|x64
		{836D23EF-731C-4B31-88E1-F30A29DF3A1F}.Debug|x64.Build.0 = Debug|x64
		{836D23EF-731C-4B31-88E1-F30A29DF3A1F}.Debug|x86.ActiveCfg = Debug|Win32
		{836D23EF-731C-4B31-88E1-F30A29DF3A1F}.Debug|x86.Build.0 = Debug|Win32
		{836D23EF-731C-4B31-88E1-F30A29DF3A1F}.Release|x64.ActiveCfg = Release|x64
		{836D23EF-731C-4B31-88E1-F30A29DF3A1F}.Release|x64.Build.0 = Release|x64
		{836D23EF-731C-4B31-88E1-F30A29DF3A1F}.Release|x86.ActiveCfg = Release|Win32
		{836D23EF-731C-4B31-88E1-F30A29DF3A1F}.Release|x86.Build.0 = Release|Win32
		{277A11E0-97D0-423F-BF0F-45F4C2C190AF}.Debug|x64.ActiveCfg = Debug|x64
		{277A11E0-97D0-423F-BF0F-45F4C2C190AF}.Debug|x64.Build.0 = Debug|x64
		{277A11E0-97D0-423F-BF0F-45F4C2C190AF}.Debug|x86.ActiveCfg = Debug|Win32
		{277A11E0-97D0-423F-BF0F-45F4C2C190AF}.Debug|x86.Build.0 = Debug|Win32
		{277A11E0-97D0-423F-BF0F-45F4C2C190AF}.Release|x64.ActiveCfg = Release|x64
		{277A11E0-97D0-423F-BF0F-45F4C2C190AF}.Release|x64.Build.0 = Release|x64
		{277A11E0-97D0-423F-BF0F-45F4C2C190AF}.Release|x86.ActiveCfg = Release|Win32
		{277A11E0-97D0-423F-BF0F-45F4C2C190AF}.Release|x86.Build.0 = Release|Win32
		{D2A46C7D-DD28-4248-A8BE-8073DAE1FFDE}.Debug|x64.ActiveCfg = Debug|x64
		{D2A46C7D-DD28-4248-A8BE-8073DAE1FFDE}.Debug|x64.Build.0 = Debug|x64
		{D2A46C7D-DD28-4248-A8BE-8073DAE1FFDE}.Debug|x86.ActiveCfg = Debug|Win32
		{D2A46C7D-DD28-4248-A8BE-8073DAE1FFDE}.Debug|x86.Build.0 = Debug|Win32
		{D2A46C7D-DD28-4248-A8BE-8073DAE1FFDE}.Release|x64.ActiveCfg = Release|x64
		{D2A46C7D-DD28-4248-A8BE-8073DAE1FFDE}.Release|x64.Build.0 = Release|x64
		{D2A46C7D-DD28-4248-A8BE-8073DAE1FFDE}.Release|x86.ActiveCfg = Release|Win32
		{D2A46C7D-DD28-4248-A8BE-8073DAE1FFDE}.Release|x86.Build.0 = Release|Win32
		{191F1C06-BD72-48AF-8F9C-6CBCE8F9ED02}.Debug|x64.ActiveCfg = Debug|x64
		{191F1C06-BD72-48AF-8F9C-6CBCE8F9ED02}.Debug|x64.Build.0 = Debug|x64
		{191F1C06-BD72-48AF-8F9C-6CBCE8F9ED02}.Debug|x86.ActiveCfg = Debug|Win32
		{191F1C06-BD72-48AF-8F9C-6CBCE8F9ED02}.Debug|x86.Build.0 = Debug|Win32
		{191F1C06-BD72-48AF-8F9C-6CBCE8F9ED02}.Release|x64.ActiveCfg = Release|x64
		{191F1C06-BD72-48AF-8F9C-6CBCE8F9ED02}.Release|x64.Build.0 = Release|x64
		{191F1C06-BD72-48AF-8F9C-6CBCE8F9ED02}.Release|x86.ActiveCfg = Release|Win32
		{191F1C06-BD72-48AF-8F9C-6CBCE8F9ED02}.Release|x86.Build.0 = Release|Win32
		{308B8FFD-AFAD-46A4-8EA8-DC70153A5A06}.Debug|x64.ActiveCfg = Debug|x64
		{308B8FFD-AFAD-46A4-8EA8-DC70153A5A06}.Debug|x64.Build.0 = Debug|x64
		{308B8FFD-AFAD-46A4-8EA8-DC70153A5A06}.Debug|x86.ActiveCfg = Debug|Win32
		{308B8FFD-AFAD-46A4-8EA8-DC70153A5A06}.Debug|x86.Build.0 = Debug|Win32
		{308B8FFD-AFAD-46A4-8EA8-DC70153A5A06}.Release|x64.ActiveCfg = Release|x64
		{308B8FFD-AFAD-46A4-8EA8-DC70153A5A06}.Release|x64.Build.0 = Release|x64
		{308B8FFD-AFAD-46A4-8EA8-DC70153A5A06}.Release|x86.ActiveCfg = Release|Win32
		{308B8FFD-AFAD-46A4-8EA8-DC70153A5A06}.Release|x86.Build.0 = Release|Win32
		{457A0647-F523-4D4D-8C05-66731A7C0C2D}.Debug|x64.ActiveCfg = Debug|x64
		{457A0647-F523-4D4D-8C05-66731A7C0C2D}.Debug|x64.Build.0 = Debug|x64
		{457A0647-F523-4D4D-8C05-66731A7C0C2D}.Debug|x86.ActiveCfg = Debug|Win32
		{457A0647-F523-4D4D-8C05-66731A7C0C2D}.Debug|x86.Build.0 = Debug|Win32
		{457A0647-F523-4D4D-8C05-66731A7C0C2D}.Release|x64.ActiveCfg = Release|x64
		{457A0647-F523-4D4D-8C05-66731A7C0C2D}.Release|x64.Build.0 = Release|x64
		{457A0647-F523-4D4D-8C05-66731A7C0C2D}.Release|x86.ActiveCfg = Release|Win32
		{457A0647-F523-4D4D-8C05-66731A7C0C2D}.Release|x86.Build.0 = Release|Win32
		{B0DCE379-EC36-4562-AB0E-5C643BA0A228}.Debug|x64.ActiveCfg = Debug|x64
		{B0DCE379-EC36-4562-AB0E-5C643BA0A228}.Debug|x64.Build.0 = Debug|x64
		{B0DCE379-EC36-4562-AB0E-5C643BA0A228}.Debug|x86.ActiveCfg = Debug|Win32
		{B0DCE379-EC36-4562-AB0E-5C643BA0A228}.Debug|x86.Build.0 = Debug|Win32
		{B0DCE379-EC36-4562-AB0E-5C643BA0A228}.Release|x64.ActiveCfg = Release|x64
		{B0DCE379-EC36-4562-AB0E-5C643BA0A228}.Release|x64.Build.0 = Release|x64
		{B0DCE379-EC36-4562-AB0E-5C643BA0A228}.Release|x86.ActiveCfg = Release|Win32
		{B0DCE379-EC36-4562-AB0E-5C643BA0A228}.Release|x86.Build.0 = Release|Win32
		{06AFF24E-9074-424A-A307-630731B5DA3A}.Debug|x64.ActiveCfg = Debug|x64
		{06AFF24E-9074-424A-A307-630731B5DA3A}.Debug|x64.Build.0 = Debug|x64
		{06AFF24E-9074-424A-A307-630731B5DA3A}.Debug|x86.ActiveCfg = Debug|Win32
		{06AFF24E-9074-424A-A307-630731B5DA3A}.Debug|x86.Build.0 = Debug|Win32
		{06AFF24E-9074-424A-A307-630731B5DA3A}.Release|x64.ActiveCfg = Release|x64
		{06AFF24E-9074-424A-A307-630731B5DA3A}.Release|x64.Build.0 = Release|x64
		{06AFF24E-9074-424A-A307-630731B5DA3A}.Release|x86.ActiveCfg = Release|Win32
		{06AFF24E-9074-424A-A307-630731B5DA3A}.Release|x86.Build.0 = Release|Win32
		{CE05BB2C-77BA-4BDB-9159-BFB0C05E7FD7}.Debug|x64.ActiveCfg = Debug|x64
		{CE05BB2C-77BA-4BDB-9159-BFB0C05E7FD7}.Debug|x64.Build.0 = Debug|x64
		{CE05BB2C-77BA-4BDB-9159-BFB0C05E7FD7}.Debug|x86.ActiveCfg = Debug|Win32
		{CE05BB2C-77BA-4BDB-9159-BFB0C05E7FD7}.Debug|x86.Build.0 = Debug|Win32
		{CE05BB2C-77BA-4BDB-9159-BFB0C05E7FD7}.Release|x64.ActiveCfg = Release|x64
		{CE05BB2C-77BA-4BDB-9159-BFB0C05E7FD7}.Release|x64.Build.0 = Release|x64
		{CE05BB2C-77BA-4BDB-9159-BFB0C05E7FD7}.Release|x86.ActiveCfg = Release|Win32
		{CE05BB2C-77BA-4BDB-9159-BFB0C05E7FD7}.Release|x86.Build.0 = Release|Win32
	EndGlobalSection
	GlobalSection(SolutionProperties) = preSolution
		HideSolutionNode = FALSE
	EndGlobalSection
	GlobalSection(ExtensibilityGlobals) = postSolution
		SolutionGuid = {92DA45AA-5769-4BDA-BDFE-B182F3CA8DC3}
	EndGlobalSection
EndGlobal
